
Microsoft Visual Studio Solution File, Format Version 12.00
# Visual Studio Version 16
VisualStudioVersion = 16.0.31005.135
MinimumVisualStudioVersion = 10.0.40219.1
Project("{9A19103F-16F7-4668-BE54-9A1E7A4F7556}") = "Counting_Duplicates", "Counting_Duplicates\Counting_Duplicates.csproj", "{3C81FAA9-2627-4918-A299-13F5370DE71F}"
EndProject
Project("{9A19103F-16F7-4668-BE54-9A1E7A4F7556}") = "Isograms", "Isograms\Isograms.csproj", "{C6271B9E-3959-4387-97D5-79151B074D1B}"
EndProject
Project("{FAE04EC0-301F-11D3-BF4B-00C04F79EFBC}") = "Square_Every_Digit", "Square_Every_Digit\Square_Every_Digit.csproj", "{CC8C33DC-E5D7-48DC-A87B-AF8641094422}"
EndProject
Project("{FAE04EC0-301F-11D3-BF4B-00C04F79EFBC}") = "Convert_boolean_values_to_strings", "Convert_boolean_values_to_strings\Convert_boolean_values_to_strings.csproj", "{4CB808D3-991E-4E8A-A280-EC1A6E39D7C6}"
EndProject
Project("{FAE04EC0-301F-11D3-BF4B-00C04F79EFBC}") = "Take_a_Ten_Minute_Walk", "Take_a_Ten_Minute_Walk\Take_a_Ten_Minute_Walk.csproj", "{65585954-46F9-4C84-8837-CE6EA5D80AA5}"
EndProject
Global
	GlobalSection(SolutionConfigurationPlatforms) = preSolution
		Debug|Any CPU = Debug|Any CPU
		Release|Any CPU = Release|Any CPU
	EndGlobalSection
	GlobalSection(ProjectConfigurationPlatforms) = postSolution
		{3C81FAA9-2627-4918-A299-13F5370DE71F}.Debug|Any CPU.ActiveCfg = Debug|Any CPU
		{3C81FAA9-2627-4918-A299-13F5370DE71F}.Debug|Any CPU.Build.0 = Debug|Any CPU
		{3C81FAA9-2627-4918-A299-13F5370DE71F}.Release|Any CPU.ActiveCfg = Release|Any CPU
		{3C81FAA9-2627-4918-A299-13F5370DE71F}.Release|Any CPU.Build.0 = Release|Any CPU
		{C6271B9E-3959-4387-97D5-79151B074D1B}.Debug|Any CPU.ActiveCfg = Debug|Any CPU
		{C6271B9E-3959-4387-97D5-79151B074D1B}.Debug|Any CPU.Build.0 = Debug|Any CPU
		{C6271B9E-3959-4387-97D5-79151B074D1B}.Release|Any CPU.ActiveCfg = Release|Any CPU
		{C6271B9E-3959-4387-97D5-79151B074D1B}.Release|Any CPU.Build.0 = Release|Any CPU
		{CC8C33DC-E5D7-48DC-A87B-AF8641094422}.Debug|Any CPU.ActiveCfg = Debug|Any CPU
		{CC8C33DC-E5D7-48DC-A87B-AF8641094422}.Debug|Any CPU.Build.0 = Debug|Any CPU
		{CC8C33DC-E5D7-48DC-A87B-AF8641094422}.Release|Any CPU.ActiveCfg = Release|Any CPU
		{CC8C33DC-E5D7-48DC-A87B-AF8641094422}.Release|Any CPU.Build.0 = Release|Any CPU
		{4CB808D3-991E-4E8A-A280-EC1A6E39D7C6}.Debug|Any CPU.ActiveCfg = Debug|Any CPU
		{4CB808D3-991E-4E8A-A280-EC1A6E39D7C6}.Debug|Any CPU.Build.0 = Debug|Any CPU
		{4CB808D3-991E-4E8A-A280-EC1A6E39D7C6}.Release|Any CPU.ActiveCfg = Release|Any CPU
		{4CB808D3-991E-4E8A-A280-EC1A6E39D7C6}.Release|Any CPU.Build.0 = Release|Any CPU
		{65585954-46F9-4C84-8837-CE6EA5D80AA5}.Debug|Any CPU.ActiveCfg = Debug|Any CPU
		{65585954-46F9-4C84-8837-CE6EA5D80AA5}.Debug|Any CPU.Build.0 = Debug|Any CPU
		{65585954-46F9-4C84-8837-CE6EA5D80AA5}.Release|Any CPU.ActiveCfg = Release|Any CPU
		{65585954-46F9-4C84-8837-CE6EA5D80AA5}.Release|Any CPU.Build.0 = Release|Any CPU
	EndGlobalSection
	GlobalSection(SolutionProperties) = preSolution
		HideSolutionNode = FALSE
	EndGlobalSection
	GlobalSection(ExtensibilityGlobals) = postSolution
		SolutionGuid = {505877F9-A48E-4340-93EE-ED594ED3A140}
	EndGlobalSection
EndGlobal
